
Microsoft Visual Studio Solution File, Format Version 12.00
# Visual Studio Version 16
VisualStudioVersion = 16.0.29911.84
MinimumVisualStudioVersion = 10.0.40219.1
Project("{FAE04EC0-301F-11D3-BF4B-00C04F79EFBC}") = "Demo1", "Demo1\Demo1.csproj", "{89C22E53-FDF9-449D-A2A2-9D9F86D4DCF5}"
EndProject
Global
	GlobalSection(SolutionConfigurationPlatforms) = preSolution
		Debug|Any CPU = Debug|Any CPU
		Release|Any CPU = Release|Any CPU
	EndGlobalSection
	GlobalSection(ProjectConfigurationPlatforms) = postSolution
		{89C22E53-FDF9-449D-A2A2-9D9F86D4DCF5}.Debug|Any CPU.ActiveCfg = Debug|Any CPU
		{89C22E53-FDF9-449D-A2A2-9D9F86D4DCF5}.Debug|Any CPU.Build.0 = Debug|Any CPU
		{89C22E53-FDF9-449D-A2A2-9D9F86D4DCF5}.Release|Any CPU.ActiveCfg = Release|Any CPU
		{89C22E53-FDF9-449D-A2A2-9D9F86D4DCF5}.Release|Any CPU.Build.0 = Release|Any CPU
	EndGlobalSection
	GlobalSection(SolutionProperties) = preSolution
		HideSolutionNode = FALSE
	EndGlobalSection
	GlobalSection(ExtensibilityGlobals) = postSolution
		SolutionGuid = {AE17ED62-CF9B-4561-989A-7ADD61D7A20C}
	EndGlobalSection
EndGlobal
